
Microsoft Visual Studio Solution File, Format Version 12.00
# Visual Studio Version 16
VisualStudioVersion = 16.0.30225.117
MinimumVisualStudioVersion = 10.0.40219.1
Project("{9A19103F-16F7-4668-BE54-9A1E7A4F7556}") = "MovieMoverCore", "MovieMoverCore\MovieMoverCore.csproj", "{D68BB441-6057-4B8E-90C3-BC411C881A15}"
EndProject
Global
	GlobalSection(SolutionConfigurationPlatforms) = preSolution
		Debug|Any CPU = Debug|Any CPU
		Release|Any CPU = Release|Any CPU
	EndGlobalSection
	GlobalSection(ProjectConfigurationPlatforms) = postSolution
		{D68BB441-6057-4B8E-90C3-BC411C881A15}.Debug|Any CPU.ActiveCfg = Debug|Any CPU
		{D68BB441-6057-4B8E-90C3-BC411C881A15}.Debug|Any CPU.Build.0 = Debug|Any CPU
		{D68BB441-6057-4B8E-90C3-BC411C881A15}.Release|Any CPU.ActiveCfg = Release|Any CPU
		{D68BB441-6057-4B8E-90C3-BC411C881A15}.Release|Any CPU.Build.0 = Release|Any CPU
	EndGlobalSection
	GlobalSection(SolutionProperties) = preSolution
		HideSolutionNode = FALSE
	EndGlobalSection
	GlobalSection(ExtensibilityGlobals) = postSolution
		SolutionGuid = {E137434F-49DB-44E3-A7B7-94788196A9BD}
	EndGlobalSection
EndGlobal
